
Microsoft Visual Studio Solution File, Format Version 12.00
# Visual Studio Version 16
VisualStudioVersion = 16.0.30523.141
MinimumVisualStudioVersion = 10.0.40219.1
Project("{FAE04EC0-301F-11D3-BF4B-00C04F79EFBC}") = "CellularAutomata", "CellularAutomata.csproj", "{19C13054-C023-4B58-9488-54DFA2155302}"
EndProject
Global
	GlobalSection(SolutionConfigurationPlatforms) = preSolution
		Debug|Any CPU = Debug|Any CPU
		Release|Any CPU = Release|Any CPU
	EndGlobalSection
	GlobalSection(ProjectConfigurationPlatforms) = postSolution
		{19C13054-C023-4B58-9488-54DFA2155302}.Debug|Any CPU.ActiveCfg = Debug|Any CPU
		{19C13054-C023-4B58-9488-54DFA2155302}.Debug|Any CPU.Build.0 = Debug|Any CPU
		{19C13054-C023-4B58-9488-54DFA2155302}.Release|Any CPU.ActiveCfg = Release|Any CPU
		{19C13054-C023-4B58-9488-54DFA2155302}.Release|Any CPU.Build.0 = Release|Any CPU
	EndGlobalSection
	GlobalSection(SolutionProperties) = preSolution
		HideSolutionNode = FALSE
	EndGlobalSection
	GlobalSection(ExtensibilityGlobals) = postSolution
		SolutionGuid = {D3E8FE2D-FC10-4107-A7E4-1F47EBE4C16D}
	EndGlobalSection
EndGlobal
